
Microsoft Visual Studio Solution File, Format Version 12.00
# Visual Studio Version 17
VisualStudioVersion = 17.4.33213.308
MinimumVisualStudioVersion = 10.0.40219.1
Project("{9A19103F-16F7-4668-BE54-9A1E7A4F7556}") = "LocalMarketer", "LocalMarketer\LocalMarketer.csproj", "{DACDFC7E-59E4-44C5-8C87-68F48BEBCFC5}"
EndProject
Project("{FAE04EC0-301F-11D3-BF4B-00C04F79EFBC}") = "LocalMarketer.DataAccess", "LocalMarketer.DataAccess\LocalMarketer.DataAccess.csproj", "{4F634F1C-65A9-475C-B55D-7CC7FD968686}"
EndProject
Project("{FAE04EC0-301F-11D3-BF4B-00C04F79EFBC}") = "LocalMarketer.ApplicationServices", "LocalMarketer.ApplicationServices\LocalMarketer.ApplicationServices.csproj", "{A745B914-3891-4862-955E-BF704F008940}"
EndProject
Global
	GlobalSection(SolutionConfigurationPlatforms) = preSolution
		Debug|Any CPU = Debug|Any CPU
		Release|Any CPU = Release|Any CPU
	EndGlobalSection
	GlobalSection(ProjectConfigurationPlatforms) = postSolution
		{DACDFC7E-59E4-44C5-8C87-68F48BEBCFC5}.Debug|Any CPU.ActiveCfg = Debug|Any CPU
		{DACDFC7E-59E4-44C5-8C87-68F48BEBCFC5}.Debug|Any CPU.Build.0 = Debug|Any CPU
		{DACDFC7E-59E4-44C5-8C87-68F48BEBCFC5}.Release|Any CPU.ActiveCfg = Release|Any CPU
		{DACDFC7E-59E4-44C5-8C87-68F48BEBCFC5}.Release|Any CPU.Build.0 = Release|Any CPU
		{4F634F1C-65A9-475C-B55D-7CC7FD968686}.Debug|Any CPU.ActiveCfg = Debug|Any CPU
		{4F634F1C-65A9-475C-B55D-7CC7FD968686}.Debug|Any CPU.Build.0 = Debug|Any CPU
		{4F634F1C-65A9-475C-B55D-7CC7FD968686}.Release|Any CPU.ActiveCfg = Release|Any CPU
		{4F634F1C-65A9-475C-B55D-7CC7FD968686}.Release|Any CPU.Build.0 = Release|Any CPU
		{A745B914-3891-4862-955E-BF704F008940}.Debug|Any CPU.ActiveCfg = Debug|Any CPU
		{A745B914-3891-4862-955E-BF704F008940}.Debug|Any CPU.Build.0 = Debug|Any CPU
		{A745B914-3891-4862-955E-BF704F008940}.Release|Any CPU.ActiveCfg = Release|Any CPU
		{A745B914-3891-4862-955E-BF704F008940}.Release|Any CPU.Build.0 = Release|Any CPU
	EndGlobalSection
	GlobalSection(SolutionProperties) = preSolution
		HideSolutionNode = FALSE
	EndGlobalSection
	GlobalSection(ExtensibilityGlobals) = postSolution
		SolutionGuid = {181C0534-490E-43E9-B334-FEEF82BF8483}
	EndGlobalSection
EndGlobal
